
Microsoft Visual Studio Solution File, Format Version 11.00
# Visual Studio 2010
Project("{2150E333-8FDC-42A3-9474-1A3956D46DE8}") = "Plugins", "Plugins", "{4DE7722C-DC01-4B6E-806B-BB3B9AC8EB3B}"
EndProject
Project("{2150E333-8FDC-42A3-9474-1A3956D46DE8}") = "Startup", "Startup", "{68D8DB84-52F0-4F3D-AABC-1CAF56F62961}"
EndProject
Project("{2150E333-8FDC-42A3-9474-1A3956D46DE8}") = "Sites", "Sites", "{0F31372E-9AA4-4F4F-B545-679342FCF562}"
EndProject
Project("{FAE04EC0-301F-11D3-BF4B-00C04F79EFBC}") = "MTH Core", "MTH Core\MTH Core.csproj", "{FEE7C36E-94D1-408A-B92E-5E32E732883E}"
	ProjectSection(ProjectDependencies) = postProject
		{11C4691D-725A-4CB8-A9A3-6681B78175B9} = {11C4691D-725A-4CB8-A9A3-6681B78175B9}
		{3E444E20-E12F-45DC-8917-07D48A30F7BE} = {3E444E20-E12F-45DC-8917-07D48A30F7BE}
		{14B6ED2F-8C9E-4DE1-A741-66D3596DAAC2} = {14B6ED2F-8C9E-4DE1-A741-66D3596DAAC2}
	EndProjectSection
EndProject
Project("{FAE04EC0-301F-11D3-BF4B-00C04F79EFBC}") = "Framework", "Framework\Framework.csproj", "{1C4FD172-7D45-4789-AD59-AB2CB05DC3AD}"
EndProject
Project("{FAE04EC0-301F-11D3-BF4B-00C04F79EFBC}") = "MTHStartupPlugin", "Plugins\Startup\MTHStartupPlugin\MTHStartupPlugin.csproj", "{14B6ED2F-8C9E-4DE1-A741-66D3596DAAC2}"
EndProject
Project("{FAE04EC0-301F-11D3-BF4B-00C04F79EFBC}") = "MTHPartyPoker", "Plugins\Sites\MTHPartyPoker\MTHPartyPoker.csproj", "{3E444E20-E12F-45DC-8917-07D48A30F7BE}"
EndProject
Project("{FAE04EC0-301F-11D3-BF4B-00C04F79EFBC}") = "Table Tester", "Table Tester\Table Tester.csproj", "{676B72B0-F7E7-4F63-8FB1-6F9E3119667F}"
EndProject
Project("{FAE04EC0-301F-11D3-BF4B-00C04F79EFBC}") = "MTHCrypto", "Plugins\Sites\MTHCrypto\MTHCrypto.csproj", "{11C4691D-725A-4CB8-A9A3-6681B78175B9}"
EndProject
Global
	GlobalSection(SolutionConfigurationPlatforms) = preSolution
		Debug|Any CPU = Debug|Any CPU
		Release|Any CPU = Release|Any CPU
	EndGlobalSection
	GlobalSection(ProjectConfigurationPlatforms) = postSolution
		{FEE7C36E-94D1-408A-B92E-5E32E732883E}.Debug|Any CPU.ActiveCfg = Debug|Any CPU
		{FEE7C36E-94D1-408A-B92E-5E32E732883E}.Debug|Any CPU.Build.0 = Debug|Any CPU
		{FEE7C36E-94D1-408A-B92E-5E32E732883E}.Release|Any CPU.ActiveCfg = Release|Any CPU
		{FEE7C36E-94D1-408A-B92E-5E32E732883E}.Release|Any CPU.Build.0 = Release|Any CPU
		{1C4FD172-7D45-4789-AD59-AB2CB05DC3AD}.Debug|Any CPU.ActiveCfg = Debug|Any CPU
		{1C4FD172-7D45-4789-AD59-AB2CB05DC3AD}.Debug|Any CPU.Build.0 = Debug|Any CPU
		{1C4FD172-7D45-4789-AD59-AB2CB05DC3AD}.Release|Any CPU.ActiveCfg = Release|Any CPU
		{1C4FD172-7D45-4789-AD59-AB2CB05DC3AD}.Release|Any CPU.Build.0 = Release|Any CPU
		{14B6ED2F-8C9E-4DE1-A741-66D3596DAAC2}.Debug|Any CPU.ActiveCfg = Debug|Any CPU
		{14B6ED2F-8C9E-4DE1-A741-66D3596DAAC2}.Debug|Any CPU.Build.0 = Debug|Any CPU
		{14B6ED2F-8C9E-4DE1-A741-66D3596DAAC2}.Release|Any CPU.ActiveCfg = Release|Any CPU
		{14B6ED2F-8C9E-4DE1-A741-66D3596DAAC2}.Release|Any CPU.Build.0 = Release|Any CPU
		{3E444E20-E12F-45DC-8917-07D48A30F7BE}.Debug|Any CPU.ActiveCfg = Debug|Any CPU
		{3E444E20-E12F-45DC-8917-07D48A30F7BE}.Debug|Any CPU.Build.0 = Debug|Any CPU
		{3E444E20-E12F-45DC-8917-07D48A30F7BE}.Release|Any CPU.ActiveCfg = Release|Any CPU
		{3E444E20-E12F-45DC-8917-07D48A30F7BE}.Release|Any CPU.Build.0 = Release|Any CPU
		{676B72B0-F7E7-4F63-8FB1-6F9E3119667F}.Debug|Any CPU.ActiveCfg = Debug|Any CPU
		{676B72B0-F7E7-4F63-8FB1-6F9E3119667F}.Debug|Any CPU.Build.0 = Debug|Any CPU
		{676B72B0-F7E7-4F63-8FB1-6F9E3119667F}.Release|Any CPU.ActiveCfg = Release|Any CPU
		{676B72B0-F7E7-4F63-8FB1-6F9E3119667F}.Release|Any CPU.Build.0 = Release|Any CPU
		{11C4691D-725A-4CB8-A9A3-6681B78175B9}.Debug|Any CPU.ActiveCfg = Debug|Any CPU
		{11C4691D-725A-4CB8-A9A3-6681B78175B9}.Debug|Any CPU.Build.0 = Debug|Any CPU
		{11C4691D-725A-4CB8-A9A3-6681B78175B9}.Release|Any CPU.ActiveCfg = Release|Any CPU
		{11C4691D-725A-4CB8-A9A3-6681B78175B9}.Release|Any CPU.Build.0 = Release|Any CPU
	EndGlobalSection
	GlobalSection(SolutionProperties) = preSolution
		HideSolutionNode = FALSE
	EndGlobalSection
	GlobalSection(NestedProjects) = preSolution
		{68D8DB84-52F0-4F3D-AABC-1CAF56F62961} = {4DE7722C-DC01-4B6E-806B-BB3B9AC8EB3B}
		{0F31372E-9AA4-4F4F-B545-679342FCF562} = {4DE7722C-DC01-4B6E-806B-BB3B9AC8EB3B}
		{14B6ED2F-8C9E-4DE1-A741-66D3596DAAC2} = {68D8DB84-52F0-4F3D-AABC-1CAF56F62961}
		{3E444E20-E12F-45DC-8917-07D48A30F7BE} = {0F31372E-9AA4-4F4F-B545-679342FCF562}
		{11C4691D-725A-4CB8-A9A3-6681B78175B9} = {0F31372E-9AA4-4F4F-B545-679342FCF562}
	EndGlobalSection
EndGlobal
